
Microsoft Visual Studio Solution File, Format Version 12.00
# Visual Studio 15
Project("{FAE04EC0-301F-11D3-BF4B-00C04F79EFBC}") = "Assembly-CSharp", "Assembly-CSharp.csproj", "{7324C00E-743B-D220-FD66-216A939F7A6A}"
EndProject
Project("{FAE04EC0-301F-11D3-BF4B-00C04F79EFBC}") = "Assembly-CSharp-Editor-firstpass", "Assembly-CSharp-Editor-firstpass.csproj", "{E2F9F154-3CED-FF6F-4965-3384547DFAB8}"
EndProject
Global
	GlobalSection(SolutionConfigurationPlatforms) = preSolution
		Debug|Any CPU = Debug|Any CPU
		Release|Any CPU = Release|Any CPU
	EndGlobalSection
	GlobalSection(ProjectConfigurationPlatforms) = postSolution
		{7324C00E-743B-D220-FD66-216A939F7A6A}.Debug|Any CPU.ActiveCfg = Debug|Any CPU
		{7324C00E-743B-D220-FD66-216A939F7A6A}.Debug|Any CPU.Build.0 = Debug|Any CPU
		{7324C00E-743B-D220-FD66-216A939F7A6A}.Release|Any CPU.ActiveCfg = Release|Any CPU
		{7324C00E-743B-D220-FD66-216A939F7A6A}.Release|Any CPU.Build.0 = Release|Any CPU
		{E2F9F154-3CED-FF6F-4965-3384547DFAB8}.Debug|Any CPU.ActiveCfg = Debug|Any CPU
		{E2F9F154-3CED-FF6F-4965-3384547DFAB8}.Debug|Any CPU.Build.0 = Debug|Any CPU
		{E2F9F154-3CED-FF6F-4965-3384547DFAB8}.Release|Any CPU.ActiveCfg = Release|Any CPU
		{E2F9F154-3CED-FF6F-4965-3384547DFAB8}.Release|Any CPU.Build.0 = Release|Any CPU
	EndGlobalSection
	GlobalSection(SolutionProperties) = preSolution
		HideSolutionNode = FALSE
	EndGlobalSection
EndGlobal
